// !$*UTF8*$!
{
	archiveVersion = 1;
	classes = {
	};
	objectVersion = 52;
	objects = {

/* Begin PBXBuildFile section */
		B311D73F239210FA00D7E545 /* AppDelegate.swift in Sources */ = {isa = PBXBuildFile; fileRef = B311D73E239210FA00D7E545 /* AppDelegate.swift */; };
		B311D741239210FA00D7E545 /* ViewController.swift in Sources */ = {isa = PBXBuildFile; fileRef = B311D740239210FA00D7E545 /* ViewController.swift */; };
		B311D743239210FC00D7E545 /* Assets.xcassets in Resources */ = {isa = PBXBuildFile; fileRef = B311D742239210FC00D7E545 /* Assets.xcassets */; };
		B311D746239210FC00D7E545 /* Main.storyboard in Resources */ = {isa = PBXBuildFile; fileRef = B311D744239210FC00D7E545 /* Main.storyboard */; };
		B311D750239213A400D7E545 /* PerfectLDAP in Frameworks */ = {isa = PBXBuildFile; productRef = B311D74F239213A400D7E545 /* PerfectLDAP */; };
/* End PBXBuildFile section */

/* Begin PBXFileReference section */
		B311D73B239210FA00D7E545 /* LDAPCertificateRetrival.app */ = {isa = PBXFileReference; explicitFileType = wrapper.application; includeInIndex = 0; path = LDAPCertificateRetrival.app; sourceTree = BUILT_PRODUCTS_DIR; };
		B311D73E239210FA00D7E545 /* AppDelegate.swift */ = {isa = PBXFileReference; lastKnownFileType = sourcecode.swift; path = AppDelegate.swift; sourceTree = "<group>"; };
		B311D740239210FA00D7E545 /* ViewController.swift */ = {isa = PBXFileReference; lastKnownFileType = sourcecode.swift; path = ViewController.swift; sourceTree = "<group>"; };
		B311D742239210FC00D7E545 /* Assets.xcassets */ = {isa = PBXFileReference; lastKnownFileType = folder.assetcatalog; path = Assets.xcassets; sourceTree = "<group>"; };
		B311D745239210FC00D7E545 /* Base */ = {isa = PBXFileReference; lastKnownFileType = file.storyboard; name = Base; path = Base.lproj/Main.storyboard; sourceTree = "<group>"; };
		B311D747239210FC00D7E545 /* Info.plist */ = {isa = PBXFileReference; lastKnownFileType = text.plist.xml; path = Info.plist; sourceTree = "<group>"; };
		B311D748239210FC00D7E545 /* LDAPCertificateRetrival.entitlements */ = {isa = PBXFileReference; lastKnownFileType = text.plist.entitlements; path = LDAPCertificateRetrival.entitlements; sourceTree = "<group>"; };
/* End PBXFileReference section */

/* Begin PBXFrameworksBuildPhase section */
		B311D738239210FA00D7E545 /* Frameworks */ = {
			isa = PBXFrameworksBuildPhase;
			buildActionMask = 2147483647;
			files = (
				B311D750239213A400D7E545 /* PerfectLDAP in Frameworks */,
			);
			runOnlyForDeploymentPostprocessing = 0;
		};
/* End PBXFrameworksBuildPhase section */

/* Begin PBXGroup section */
		B311D732239210FA00D7E545 = {
			isa = PBXGroup;
			children = (
				B311D73D239210FA00D7E545 /* LDAPCertificateRetrival */,
				B311D73C239210FA00D7E545 /* Products */,
			);
			sourceTree = "<group>";
		};
		B311D73C239210FA00D7E545 /* Products */ = {
			isa = PBXGroup;
			children = (
				B311D73B239210FA00D7E545 /* LDAPCertificateRetrival.app */,
			);
			name = Products;
			sourceTree = "<group>";
		};
		B311D73D239210FA00D7E545 /* LDAPCertificateRetrival */ = {
			isa = PBXGroup;
			children = (
				B311D73E239210FA00D7E545 /* AppDelegate.swift */,
				B311D740239210FA00D7E545 /* ViewController.swift */,
				B311D742239210FC00D7E545 /* Assets.xcassets */,
				B311D744239210FC00D7E545 /* Main.storyboard */,
				B311D747239210FC00D7E545 /* Info.plist */,
				B311D748239210FC00D7E545 /* LDAPCertificateRetrival.entitlements */,
			);
			path = LDAPCertificateRetrival;
			sourceTree = "<group>";
		};
/* End PBXGroup section */

/* Begin PBXNativeTarget section */
		B311D73A239210FA00D7E545 /* LDAPCertificateRetrival */ = {
			isa = PBXNativeTarget;
			buildConfigurationList = B311D74B239210FC00D7E545 /* Build configuration list for PBXNativeTarget "LDAPCertificateRetrival" */;
			buildPhases = (
				B311D737239210FA00D7E545 /* Sources */,
				B311D738239210FA00D7E545 /* Frameworks */,
				B311D739239210FA00D7E545 /* Resources */,
			);
			buildRules = (
			);
			dependencies = (
			);
			name = LDAPCertificateRetrival;
			packageProductDependencies = (
				B311D74F239213A400D7E545 /* PerfectLDAP */,
			);
			productName = LDAPCertificateRetrival;
			productReference = B311D73B239210FA00D7E545 /* LDAPCertificateRetrival.app */;
			productType = "com.apple.product-type.application";
		};
/* End PBXNativeTarget section */

/* Begin PBXProject section */
		B311D733239210FA00D7E545 /* Project object */ = {
			isa = PBXProject;
			attributes = {
				LastSwiftUpdateCheck = 1120;
				LastUpgradeCheck = 1120;
				ORGANIZATIONNAME = "Preston Kemp";
				TargetAttributes = {
					B311D73A239210FA00D7E545 = {
						CreatedOnToolsVersion = 11.2.1;
					};
				};
			};
			buildConfigurationList = B311D736239210FA00D7E545 /* Build configuration list for PBXProject "LDAPCertificateRetrival" */;
			compatibilityVersion = "Xcode 9.3";
			developmentRegion = en;
			hasScannedForEncodings = 0;
			knownRegions = (
				en,
				Base,
			);
			mainGroup = B311D732239210FA00D7E545;
			packageReferences = (
				B311D74E239213A400D7E545 /* XCRemoteSwiftPackageReference "Perfect-LDAP" */,
			);
			productRefGroup = B311D73C239210FA00D7E545 /* Products */;
			projectDirPath = "";
			projectRoot = "";
			targets = (
				B311D73A239210FA00D7E545 /* LDAPCertificateRetrival */,
			);
		};
/* End PBXProject section */

/* Begin PBXResourcesBuildPhase section */
		B311D739239210FA00D7E545 /* Resources */ = {
			isa = PBXResourcesBuildPhase;
			buildActionMask = 2147483647;
			files = (
				B311D743239210FC00D7E545 /* Assets.xcassets in Resources */,
				B311D746239210FC00D7E545 /* Main.storyboard in Resources */,
			);
			runOnlyForDeploymentPostprocessing = 0;
		};
/* End PBXResourcesBuildPhase section */

/* Begin PBXSourcesBuildPhase section */
		B311D737239210FA00D7E545 /* Sources */ = {
			isa = PBXSourcesBuildPhase;
			buildActionMask = 2147483647;
			files = (
				B311D741239210FA00D7E545 /* ViewController.swift in Sources */,
				B311D73F239210FA00D7E545 /* AppDelegate.swift in Sources */,
			);
			runOnlyForDeploymentPostprocessing = 0;
		};
/* End PBXSourcesBuildPhase section */

/* Begin PBXVariantGroup section */
		B311D744239210FC00D7E545 /* Main.storyboard */ = {
			isa = PBXVariantGroup;
			children = (
				B311D745239210FC00D7E545 /* Base */,
			);
			name = Main.storyboard;
			sourceTree = "<group>";
		};
/* End PBXVariantGroup section */

/* Begin XCBuildConfiguration section */
		B311D749239210FC00D7E545 /* Debug */ = {
			isa = XCBuildConfiguration;
			buildSettings = {
				ALWAYS_SEARCH_USER_PATHS = NO;
				CLANG_ANALYZER_NONNULL = YES;
				CLANG_ANALYZER_NUMBER_OBJECT_CONVERSION = YES_AGGRESSIVE;
				CLANG_CXX_LANGUAGE_STANDARD = "gnu++14";
				CLANG_CXX_LIBRARY = "libc++";
				CLANG_ENABLE_MODULES = YES;
				CLANG_ENABLE_OBJC_ARC = YES;
				CLANG_ENABLE_OBJC_WEAK = YES;
				CLANG_WARN_BLOCK_CAPTURE_AUTORELEASING = YES;
				CLANG_WARN_BOOL_CONVERSION = YES;
				CLANG_WARN_COMMA = YES;
				CLANG_WARN_CONSTANT_CONVERSION = YES;
				CLANG_WARN_DEPRECATED_OBJC_IMPLEMENTATIONS = YES;
				CLANG_WARN_DIRECT_OBJC_ISA_USAGE = YES_ERROR;
				CLANG_WARN_DOCUMENTATION_COMMENTS = YES;
				CLANG_WARN_EMPTY_BODY = YES;
				CLANG_WARN_ENUM_CONVERSION = YES;
				CLANG_WARN_INFINITE_RECURSION = YES;
				CLANG_WARN_INT_CONVERSION = YES;
				CLANG_WARN_NON_LITERAL_NULL_CONVERSION = YES;
				CLANG_WARN_OBJC_IMPLICIT_RETAIN_SELF = YES;
				CLANG_WARN_OBJC_LITERAL_CONVERSION = YES;
				CLANG_WARN_OBJC_ROOT_CLASS = YES_ERROR;
				CLANG_WARN_RANGE_LOOP_ANALYSIS = YES;
				CLANG_WARN_STRICT_PROTOTYPES = YES;
				CLANG_WARN_SUSPICIOUS_MOVE = YES;
				CLANG_WARN_UNGUARDED_AVAILABILITY = YES_AGGRESSIVE;
				CLANG_WARN_UNREACHABLE_CODE = YES;
				CLANG_WARN__DUPLICATE_METHOD_MATCH = YES;
				COPY_PHASE_STRIP = NO;
				DEBUG_INFORMATION_FORMAT = dwarf;
				ENABLE_STRICT_OBJC_MSGSEND = YES;
				ENABLE_TESTABILITY = YES;
				GCC_C_LANGUAGE_STANDARD = gnu11;
				GCC_DYNAMIC_NO_PIC = NO;
				GCC_NO_COMMON_BLOCKS = YES;
				GCC_OPTIMIZATION_LEVEL = 0;
				GCC_PREPROCESSOR_DEFINITIONS = (
					"DEBUG=1",
					"$(inherited)",
				);
				GCC_WARN_64_TO_32_BIT_CONVERSION = YES;
				GCC_WARN_ABOUT_RETURN_TYPE = YES_ERROR;
				GCC_WARN_UNDECLARED_SELECTOR = YES;
				GCC_WARN_UNINITIALIZED_AUTOS = YES_AGGRESSIVE;
				GCC_WARN_UNUSED_FUNCTION = YES;
				GCC_WARN_UNUSED_VARIABLE = YES;
				MACOSX_DEPLOYMENT_TARGET = 10.15;
				MTL_ENABLE_DEBUG_INFO = INCLUDE_SOURCE;
				MTL_FAST_MATH = YES;
				ONLY_ACTIVE_ARCH = YES;
				SDKROOT = macosx;
				SWIFT_ACTIVE_COMPILATION_CONDITIONS = DEBUG;
				SWIFT_OPTIMIZATION_LEVEL = "-Onone";
			};
			name = Debug;
		};
		B311D74A239210FC00D7E545 /* Release */ = {
			isa = XCBuildConfiguration;
			buildSettings = {
				ALWAYS_SEARCH_USER_PATHS = NO;
				CLANG_ANALYZER_NONNULL = YES;
				CLANG_ANALYZER_NUMBER_OBJECT_CONVERSION = YES_AGGRESSIVE;
				CLANG_CXX_LANGUAGE_STANDARD = "gnu++14";
				CLANG_CXX_LIBRARY = "libc++";
				CLANG_ENABLE_MODULES = YES;
				CLANG_ENABLE_OBJC_ARC = YES;
				CLANG_ENABLE_OBJC_WEAK = YES;
				CLANG_WARN_BLOCK_CAPTURE_AUTORELEASING = YES;
				CLANG_WARN_BOOL_CONVERSION = YES;
				CLANG_WARN_COMMA = YES;
				CLANG_WARN_CONSTANT_CONVERSION = YES;
				CLANG_WARN_DEPRECATED_OBJC_IMPLEMENTATIONS = YES;
				CLANG_WARN_DIRECT_OBJC_ISA_USAGE = YES_ERROR;
				CLANG_WARN_DOCUMENTATION_COMMENTS = YES;
				CLANG_WARN_EMPTY_BODY = YES;
				CLANG_WARN_ENUM_CONVERSION = YES;
				CLANG_WARN_INFINITE_RECURSION = YES;
				CLANG_WARN_INT_CONVERSION = YES;
				CLANG_WARN_NON_LITERAL_NULL_CONVERSION = YES;
				CLANG_WARN_OBJC_IMPLICIT_RETAIN_SELF = YES;
				CLANG_WARN_OBJC_LITERAL_CONVERSION = YES;
				CLANG_WARN_OBJC_ROOT_CLASS = YES_ERROR;
				CLANG_WARN_RANGE_LOOP_ANALYSIS = YES;
				CLANG_WARN_STRICT_PROTOTYPES = YES;
				CLANG_WARN_SUSPICIOUS_MOVE = YES;
				CLANG_WARN_UNGUARDED_AVAILABILITY = YES_AGGRESSIVE;
				CLANG_WARN_UNREACHABLE_CODE = YES;
				CLANG_WARN__DUPLICATE_METHOD_MATCH = YES;
				COPY_PHASE_STRIP = NO;
				DEBUG_INFORMATION_FORMAT = "dwarf-with-dsym";
				ENABLE_NS_ASSERTIONS = NO;
				ENABLE_STRICT_OBJC_MSGSEND = YES;
				GCC_C_LANGUAGE_STANDARD = gnu11;
				GCC_NO_COMMON_BLOCKS = YES;
				GCC_WARN_64_TO_32_BIT_CONVERSION = YES;
				GCC_WARN_ABOUT_RETURN_TYPE = YES_ERROR;
				GCC_WARN_UNDECLARED_SELECTOR = YES;
				GCC_WARN_UNINITIALIZED_AUTOS = YES_AGGRESSIVE;
				GCC_WARN_UNUSED_FUNCTION = YES;
				GCC_WARN_UNUSED_VARIABLE = YES;
				MACOSX_DEPLOYMENT_TARGET = 10.15;
				MTL_ENABLE_DEBUG_INFO = NO;
				MTL_FAST_MATH = YES;
				SDKROOT = macosx;
				SWIFT_COMPILATION_MODE = wholemodule;
				SWIFT_OPTIMIZATION_LEVEL = "-O";
			};
			name = Release;
		};
		B311D74C239210FC00D7E545 /* Debug */ = {
			isa = XCBuildConfiguration;
			buildSettings = {
				ASSETCATALOG_COMPILER_APPICON_NAME = AppIcon;
				CODE_SIGN_ENTITLEMENTS = LDAPCertificateRetrival/LDAPCertificateRetrival.entitlements;
				CODE_SIGN_STYLE = Automatic;
				COMBINE_HIDPI_IMAGES = YES;
				INFOPLIST_FILE = LDAPCertificateRetrival/Info.plist;
				LD_RUNPATH_SEARCH_PATHS = (
					"$(inherited)",
					"@executable_path/../Frameworks",
				);
				PRODUCT_BUNDLE_IDENTIFIER = com.prestonkemp.LDAPCertificateRetrival;
				PRODUCT_NAME = "$(TARGET_NAME)";
				SWIFT_VERSION = 5.0;
			};
			name = Debug;
		};
		B311D74D239210FC00D7E545 /* Release */ = {
			isa = XCBuildConfiguration;
			buildSettings = {
				ASSETCATALOG_COMPILER_APPICON_NAME = AppIcon;
				CODE_SIGN_ENTITLEMENTS = LDAPCertificateRetrival/LDAPCertificateRetrival.entitlements;
				CODE_SIGN_STYLE = Automatic;
				COMBINE_HIDPI_IMAGES = YES;
				INFOPLIST_FILE = LDAPCertificateRetrival/Info.plist;
				LD_RUNPATH_SEARCH_PATHS = (
					"$(inherited)",
					"@executable_path/../Frameworks",
				);
				PRODUCT_BUNDLE_IDENTIFIER = com.prestonkemp.LDAPCertificateRetrival;
				PRODUCT_NAME = "$(TARGET_NAME)";
				SWIFT_VERSION = 5.0;
			};
			name = Release;
		};
/* End XCBuildConfiguration section */

/* Begin XCConfigurationList section */
		B311D736239210FA00D7E545 /* Build configuration list for PBXProject "LDAPCertificateRetrival" */ = {
			isa = XCConfigurationList;
			buildConfigurations = (
				B311D749239210FC00D7E545 /* Debug */,
				B311D74A239210FC00D7E545 /* Release */,
			);
			defaultConfigurationIsVisible = 0;
			defaultConfigurationName = Release;
		};
		B311D74B239210FC00D7E545 /* Build configuration list for PBXNativeTarget "LDAPCertificateRetrival" */ = {
			isa = XCConfigurationList;
			buildConfigurations = (
				B311D74C239210FC00D7E545 /* Debug */,
				B311D74D239210FC00D7E545 /* Release */,
			);
			defaultConfigurationIsVisible = 0;
			defaultConfigurationName = Release;
		};
/* End XCConfigurationList section */

/* Begin XCRemoteSwiftPackageReference section */
		B311D74E239213A400D7E545 /* XCRemoteSwiftPackageReference "Perfect-LDAP" */ = {
			isa = XCRemoteSwiftPackageReference;
			repositoryURL = "https://github.com/PerfectlySoft/Perfect-LDAP.git";
			requirement = {
				kind = upToNextMajorVersion;
				minimumVersion = 3.0.0;
			};
		};
/* End XCRemoteSwiftPackageReference section */

/* Begin XCSwiftPackageProductDependency section */
		B311D74F239213A400D7E545 /* PerfectLDAP */ = {
			isa = XCSwiftPackageProductDependency;
			package = B311D74E239213A400D7E545 /* XCRemoteSwiftPackageReference "Perfect-LDAP" */;
			productName = PerfectLDAP;
		};
/* End XCSwiftPackageProductDependency section */
	};
	rootObject = B311D733239210FA00D7E545 /* Project object */;
}
